
Microsoft Visual Studio Solution File, Format Version 12.00
# Visual Studio Version 17
VisualStudioVersion = 17.5.002.0
MinimumVisualStudioVersion = 10.0.40219.1
Project("{9A19103F-16F7-4668-BE54-9A1E7A4F7556}") = "Final", "Final.csproj", "{DF84076F-B0BD-44A1-B93C-70EB19C061D9}"
EndProject
Global
	GlobalSection(SolutionConfigurationPlatforms) = preSolution
		Debug|Any CPU = Debug|Any CPU
		Release|Any CPU = Release|Any CPU
	EndGlobalSection
	GlobalSection(ProjectConfigurationPlatforms) = postSolution
		{DF84076F-B0BD-44A1-B93C-70EB19C061D9}.Debug|Any CPU.ActiveCfg = Debug|Any CPU
		{DF84076F-B0BD-44A1-B93C-70EB19C061D9}.Debug|Any CPU.Build.0 = Debug|Any CPU
		{DF84076F-B0BD-44A1-B93C-70EB19C061D9}.Release|Any CPU.ActiveCfg = Release|Any CPU
		{DF84076F-B0BD-44A1-B93C-70EB19C061D9}.Release|Any CPU.Build.0 = Release|Any CPU
	EndGlobalSection
	GlobalSection(SolutionProperties) = preSolution
		HideSolutionNode = FALSE
	EndGlobalSection
	GlobalSection(ExtensibilityGlobals) = postSolution
		SolutionGuid = {D3E82F2F-832A-40E9-9457-722C63D9E7FF}
	EndGlobalSection
EndGlobal
